
Microsoft Visual Studio Solution File, Format Version 12.00
# Visual Studio Version 16
VisualStudioVersion = 16.0.29519.87
MinimumVisualStudioVersion = 10.0.40219.1
Project("{FAE04EC0-301F-11D3-BF4B-00C04F79EFBC}") = "MiniEngine.Effects", "Engine\MiniEngine.Effects\MiniEngine.Effects.csproj", "{2BB9181F-A31D-4DA2-93D2-64F5A56CF4F5}"
EndProject
Project("{FAE04EC0-301F-11D3-BF4B-00C04F79EFBC}") = "MiniEngine.Pipeline", "Engine\MiniEngine.Pipeline\MiniEngine.Pipeline.csproj", "{820720C5-666A-4D5E-96EE-F053BAA063D9}"
EndProject
Project("{FAE04EC0-301F-11D3-BF4B-00C04F79EFBC}") = "MiniEngine.Pipeline.Debug", "Engine\MiniEngine.Pipeline.Debug\MiniEngine.Pipeline.Debug.csproj", "{1F48156E-DDC9-4332-8084-6FE15EA6A41B}"
EndProject
Project("{FAE04EC0-301F-11D3-BF4B-00C04F79EFBC}") = "MiniEngine.Pipeline.Lights", "Engine\MiniEngine.Pipeline.Lights\MiniEngine.Pipeline.Lights.csproj", "{54491AEB-E0A7-4556-890E-7C49908952BC}"
EndProject
Project("{FAE04EC0-301F-11D3-BF4B-00C04F79EFBC}") = "MiniEngine.Pipeline.Models", "Engine\MiniEngine.Pipeline.Models\MiniEngine.Pipeline.Models.csproj", "{D77598B5-73BF-4CD4-B9A6-D94895058A60}"
EndProject
Project("{FAE04EC0-301F-11D3-BF4B-00C04F79EFBC}") = "MiniEngine.Pipeline.Particles", "Engine\MiniEngine.Pipeline.Particles\MiniEngine.Pipeline.Particles.csproj", "{373867C7-7717-4CCC-A049-F0E174F5F5A4}"
EndProject
Project("{FAE04EC0-301F-11D3-BF4B-00C04F79EFBC}") = "MiniEngine.Pipeline.Projectors", "Engine\MiniEngine.Pipeline.Projectors\MiniEngine.Pipeline.Projectors.csproj", "{89AE0FF0-F607-44D8-AE81-0301334BD53F}"
EndProject
Project("{2150E333-8FDC-42A3-9474-1A3956D46DE8}") = "Engine", "Engine", "{0946A9F9-B243-4BA9-A40F-722D531DBC73}"
EndProject
Project("{FAE04EC0-301F-11D3-BF4B-00C04F79EFBC}") = "MiniEngine.Pipeline.Shadows", "Engine\MiniEngine.Pipeline.Shadows\MiniEngine.Pipeline.Shadows.csproj", "{3C8F3FC4-9E92-475E-A9BD-AC687DC13963}"
EndProject
Project("{FAE04EC0-301F-11D3-BF4B-00C04F79EFBC}") = "MiniEngine.Primitives", "Engine\MiniEngine.Primitives\MiniEngine.Primitives.csproj", "{D02E8240-0178-4792-9C38-2455D1250FA6}"
EndProject
Project("{FAE04EC0-301F-11D3-BF4B-00C04F79EFBC}") = "MiniEngine.Systems", "Engine\MiniEngine.Systems\MiniEngine.Systems.csproj", "{C1DB1986-23B4-4293-A6EA-527DA1ADC78F}"
EndProject
Project("{FAE04EC0-301F-11D3-BF4B-00C04F79EFBC}") = "MiniEngine.Telemetry", "Engine\MiniEngine.Telemetry\MiniEngine.Telemetry.csproj", "{FE2DE91D-CA69-4844-8D5F-10A664F4E17D}"
EndProject
Project("{FAE04EC0-301F-11D3-BF4B-00C04F79EFBC}") = "MiniEngine.UI", "Engine\MiniEngine.UI\MiniEngine.UI.csproj", "{278C12E6-3984-4E5C-ABA1-108F1296F6B6}"
EndProject
Project("{FAE04EC0-301F-11D3-BF4B-00C04F79EFBC}") = "MiniEngine.Units", "Engine\MiniEngine.Units\MiniEngine.Units.csproj", "{051E397D-4C6C-4F8F-8F40-CCE916A45C5E}"
EndProject
Project("{FAE04EC0-301F-11D3-BF4B-00C04F79EFBC}") = "ModelExtension", "Engine\ModelExtension\ModelExtension.csproj", "{E939D1A8-2A0D-4605-8704-9F41275C2CF6}"
EndProject
Project("{FAE04EC0-301F-11D3-BF4B-00C04F79EFBC}") = "Editor", "Editor\Editor.csproj", "{BE5800C0-34CD-4FE1-9726-7CBB671DBB27}"
EndProject
Project("{2150E333-8FDC-42A3-9474-1A3956D46DE8}") = "Solution Items", "Solution Items", "{CBC432E5-FDDE-4E1F-97BD-EA247446F340}"
	ProjectSection(SolutionItems) = preProject
		HowToAddAModel.md = HowToAddAModel.md
		README.md = README.md
		TODO.md = TODO.md
	EndProjectSection
EndProject
Project("{FAE04EC0-301F-11D3-BF4B-00C04F79EFBC}") = "GameLogic", "GameLogic\GameLogic.csproj", "{F3BB1367-1E76-44CC-8604-038C9161F130}"
EndProject
Global
	GlobalSection(SolutionConfigurationPlatforms) = preSolution
		Debug|x64 = Debug|x64
		Release|x64 = Release|x64
	EndGlobalSection
	GlobalSection(ProjectConfigurationPlatforms) = postSolution
		{2BB9181F-A31D-4DA2-93D2-64F5A56CF4F5}.Debug|x64.ActiveCfg = Debug|x64
		{2BB9181F-A31D-4DA2-93D2-64F5A56CF4F5}.Debug|x64.Build.0 = Debug|x64
		{2BB9181F-A31D-4DA2-93D2-64F5A56CF4F5}.Release|x64.ActiveCfg = Release|x64
		{2BB9181F-A31D-4DA2-93D2-64F5A56CF4F5}.Release|x64.Build.0 = Release|x64
		{820720C5-666A-4D5E-96EE-F053BAA063D9}.Debug|x64.ActiveCfg = Debug|x64
		{820720C5-666A-4D5E-96EE-F053BAA063D9}.Debug|x64.Build.0 = Debug|x64
		{820720C5-666A-4D5E-96EE-F053BAA063D9}.Release|x64.ActiveCfg = Release|x64
		{820720C5-666A-4D5E-96EE-F053BAA063D9}.Release|x64.Build.0 = Release|x64
		{1F48156E-DDC9-4332-8084-6FE15EA6A41B}.Debug|x64.ActiveCfg = Debug|x64
		{1F48156E-DDC9-4332-8084-6FE15EA6A41B}.Debug|x64.Build.0 = Debug|x64
		{1F48156E-DDC9-4332-8084-6FE15EA6A41B}.Release|x64.ActiveCfg = Release|x64
		{1F48156E-DDC9-4332-8084-6FE15EA6A41B}.Release|x64.Build.0 = Release|x64
		{54491AEB-E0A7-4556-890E-7C49908952BC}.Debug|x64.ActiveCfg = Debug|x64
		{54491AEB-E0A7-4556-890E-7C49908952BC}.Debug|x64.Build.0 = Debug|x64
		{54491AEB-E0A7-4556-890E-7C49908952BC}.Release|x64.ActiveCfg = Release|x64
		{54491AEB-E0A7-4556-890E-7C49908952BC}.Release|x64.Build.0 = Release|x64
		{D77598B5-73BF-4CD4-B9A6-D94895058A60}.Debug|x64.ActiveCfg = Debug|x64
		{D77598B5-73BF-4CD4-B9A6-D94895058A60}.Debug|x64.Build.0 = Debug|x64
		{D77598B5-73BF-4CD4-B9A6-D94895058A60}.Release|x64.ActiveCfg = Release|x64
		{D77598B5-73BF-4CD4-B9A6-D94895058A60}.Release|x64.Build.0 = Release|x64
		{373867C7-7717-4CCC-A049-F0E174F5F5A4}.Debug|x64.ActiveCfg = Debug|x64
		{373867C7-7717-4CCC-A049-F0E174F5F5A4}.Debug|x64.Build.0 = Debug|x64
		{373867C7-7717-4CCC-A049-F0E174F5F5A4}.Release|x64.ActiveCfg = Release|x64
		{373867C7-7717-4CCC-A049-F0E174F5F5A4}.Release|x64.Build.0 = Release|x64
		{89AE0FF0-F607-44D8-AE81-0301334BD53F}.Debug|x64.ActiveCfg = Debug|x64
		{89AE0FF0-F607-44D8-AE81-0301334BD53F}.Debug|x64.Build.0 = Debug|x64
		{89AE0FF0-F607-44D8-AE81-0301334BD53F}.Release|x64.ActiveCfg = Release|x64
		{89AE0FF0-F607-44D8-AE81-0301334BD53F}.Release|x64.Build.0 = Release|x64
		{3C8F3FC4-9E92-475E-A9BD-AC687DC13963}.Debug|x64.ActiveCfg = Debug|x64
		{3C8F3FC4-9E92-475E-A9BD-AC687DC13963}.Debug|x64.Build.0 = Debug|x64
		{3C8F3FC4-9E92-475E-A9BD-AC687DC13963}.Release|x64.ActiveCfg = Release|x64
		{3C8F3FC4-9E92-475E-A9BD-AC687DC13963}.Release|x64.Build.0 = Release|x64
		{D02E8240-0178-4792-9C38-2455D1250FA6}.Debug|x64.ActiveCfg = Debug|x64
		{D02E8240-0178-4792-9C38-2455D1250FA6}.Debug|x64.Build.0 = Debug|x64
		{D02E8240-0178-4792-9C38-2455D1250FA6}.Release|x64.ActiveCfg = Release|x64
		{D02E8240-0178-4792-9C38-2455D1250FA6}.Release|x64.Build.0 = Release|x64
		{C1DB1986-23B4-4293-A6EA-527DA1ADC78F}.Debug|x64.ActiveCfg = Debug|x64
		{C1DB1986-23B4-4293-A6EA-527DA1ADC78F}.Debug|x64.Build.0 = Debug|x64
		{C1DB1986-23B4-4293-A6EA-527DA1ADC78F}.Release|x64.ActiveCfg = Release|x64
		{C1DB1986-23B4-4293-A6EA-527DA1ADC78F}.Release|x64.Build.0 = Release|x64
		{FE2DE91D-CA69-4844-8D5F-10A664F4E17D}.Debug|x64.ActiveCfg = Debug|x64
		{FE2DE91D-CA69-4844-8D5F-10A664F4E17D}.Debug|x64.Build.0 = Debug|x64
		{FE2DE91D-CA69-4844-8D5F-10A664F4E17D}.Release|x64.ActiveCfg = Release|x64
		{FE2DE91D-CA69-4844-8D5F-10A664F4E17D}.Release|x64.Build.0 = Release|x64
		{278C12E6-3984-4E5C-ABA1-108F1296F6B6}.Debug|x64.ActiveCfg = Debug|x64
		{278C12E6-3984-4E5C-ABA1-108F1296F6B6}.Debug|x64.Build.0 = Debug|x64
		{278C12E6-3984-4E5C-ABA1-108F1296F6B6}.Release|x64.ActiveCfg = Release|x64
		{278C12E6-3984-4E5C-ABA1-108F1296F6B6}.Release|x64.Build.0 = Release|x64
		{051E397D-4C6C-4F8F-8F40-CCE916A45C5E}.Debug|x64.ActiveCfg = Debug|x64
		{051E397D-4C6C-4F8F-8F40-CCE916A45C5E}.Debug|x64.Build.0 = Debug|x64
		{051E397D-4C6C-4F8F-8F40-CCE916A45C5E}.Release|x64.ActiveCfg = Release|x64
		{051E397D-4C6C-4F8F-8F40-CCE916A45C5E}.Release|x64.Build.0 = Release|x64
		{E939D1A8-2A0D-4605-8704-9F41275C2CF6}.Debug|x64.ActiveCfg = Debug|x64
		{E939D1A8-2A0D-4605-8704-9F41275C2CF6}.Debug|x64.Build.0 = Debug|x64
		{E939D1A8-2A0D-4605-8704-9F41275C2CF6}.Release|x64.ActiveCfg = Release|x64
		{E939D1A8-2A0D-4605-8704-9F41275C2CF6}.Release|x64.Build.0 = Release|x64
		{BE5800C0-34CD-4FE1-9726-7CBB671DBB27}.Debug|x64.ActiveCfg = Debug|x64
		{BE5800C0-34CD-4FE1-9726-7CBB671DBB27}.Debug|x64.Build.0 = Debug|x64
		{BE5800C0-34CD-4FE1-9726-7CBB671DBB27}.Release|x64.ActiveCfg = Release|x64
		{BE5800C0-34CD-4FE1-9726-7CBB671DBB27}.Release|x64.Build.0 = Release|x64
		{F3BB1367-1E76-44CC-8604-038C9161F130}.Debug|x64.ActiveCfg = Debug|x64
		{F3BB1367-1E76-44CC-8604-038C9161F130}.Debug|x64.Build.0 = Debug|x64
		{F3BB1367-1E76-44CC-8604-038C9161F130}.Release|x64.ActiveCfg = Release|x64
		{F3BB1367-1E76-44CC-8604-038C9161F130}.Release|x64.Build.0 = Release|x64
	EndGlobalSection
	GlobalSection(SolutionProperties) = preSolution
		HideSolutionNode = FALSE
	EndGlobalSection
	GlobalSection(NestedProjects) = preSolution
		{2BB9181F-A31D-4DA2-93D2-64F5A56CF4F5} = {0946A9F9-B243-4BA9-A40F-722D531DBC73}
		{820720C5-666A-4D5E-96EE-F053BAA063D9} = {0946A9F9-B243-4BA9-A40F-722D531DBC73}
		{1F48156E-DDC9-4332-8084-6FE15EA6A41B} = {0946A9F9-B243-4BA9-A40F-722D531DBC73}
		{54491AEB-E0A7-4556-890E-7C49908952BC} = {0946A9F9-B243-4BA9-A40F-722D531DBC73}
		{D77598B5-73BF-4CD4-B9A6-D94895058A60} = {0946A9F9-B243-4BA9-A40F-722D531DBC73}
		{373867C7-7717-4CCC-A049-F0E174F5F5A4} = {0946A9F9-B243-4BA9-A40F-722D531DBC73}
		{89AE0FF0-F607-44D8-AE81-0301334BD53F} = {0946A9F9-B243-4BA9-A40F-722D531DBC73}
		{3C8F3FC4-9E92-475E-A9BD-AC687DC13963} = {0946A9F9-B243-4BA9-A40F-722D531DBC73}
		{D02E8240-0178-4792-9C38-2455D1250FA6} = {0946A9F9-B243-4BA9-A40F-722D531DBC73}
		{C1DB1986-23B4-4293-A6EA-527DA1ADC78F} = {0946A9F9-B243-4BA9-A40F-722D531DBC73}
		{FE2DE91D-CA69-4844-8D5F-10A664F4E17D} = {0946A9F9-B243-4BA9-A40F-722D531DBC73}
		{278C12E6-3984-4E5C-ABA1-108F1296F6B6} = {0946A9F9-B243-4BA9-A40F-722D531DBC73}
		{051E397D-4C6C-4F8F-8F40-CCE916A45C5E} = {0946A9F9-B243-4BA9-A40F-722D531DBC73}
		{E939D1A8-2A0D-4605-8704-9F41275C2CF6} = {0946A9F9-B243-4BA9-A40F-722D531DBC73}
	EndGlobalSection
	GlobalSection(ExtensibilityGlobals) = postSolution
		SolutionGuid = {C9D6E246-646C-4636-9798-204EB727B5DC}
	EndGlobalSection
EndGlobal
