
Microsoft Visual Studio Solution File, Format Version 12.00
# Visual Studio Version 16
VisualStudioVersion = 16.0.30413.136
MinimumVisualStudioVersion = 10.0.40219.1
Project("{9A19103F-16F7-4668-BE54-9A1E7A4F7556}") = "MiniEngine.Editor", "MiniEngine.Editor\MiniEngine.Editor.csproj", "{9EC1C881-76AF-42E8-8455-D7699460F215}"
EndProject
Project("{9A19103F-16F7-4668-BE54-9A1E7A4F7556}") = "MiniEngine.Systems", "MiniEngine.Systems\MiniEngine.Systems.csproj", "{F2829C9F-6B87-4D88-8FA5-59CFBF145426}"
EndProject
Project("{9A19103F-16F7-4668-BE54-9A1E7A4F7556}") = "MiniEngine.Graphics", "MiniEngine.Graphics\MiniEngine.Graphics.csproj", "{80D2251D-E386-43B0-93F0-92E536E00416}"
EndProject
Project("{2150E333-8FDC-42A3-9474-1A3956D46DE8}") = "Solution Items", "Solution Items", "{ABD45EB9-BF3F-45DB-8123-010BCCE4A37C}"
	ProjectSection(SolutionItems) = preProject
		Directory.Build.props = Directory.Build.props
		TODO.md = TODO.md
	EndProjectSection
EndProject
Project("{9A19103F-16F7-4668-BE54-9A1E7A4F7556}") = "MiniEngine.Configuration", "MiniEngine.Configuration\MiniEngine.Configuration.csproj", "{70C66765-87D2-4FC5-B431-FB9FC8179D72}"
EndProject
Project("{2150E333-8FDC-42A3-9474-1A3956D46DE8}") = "External", "External", "{52B9E98A-A161-4235-8077-4AB43074090C}"
EndProject
Project("{9A19103F-16F7-4668-BE54-9A1E7A4F7556}") = "ImGui.NET", "External\ImGui.NET\src\ImGui.NET\ImGui.NET.csproj", "{44BDB27A-2963-4BC7-BAFE-E69D9A2183B9}"
EndProject
Project("{9A19103F-16F7-4668-BE54-9A1E7A4F7556}") = "MiniEngine.Gui", "MiniEngine.Gui\MiniEngine.Gui.csproj", "{C8DA7144-50F8-4992-964E-A7CEA97BD1FA}"
EndProject
Project("{9A19103F-16F7-4668-BE54-9A1E7A4F7556}") = "MiniEngine.ContentPipeline", "MiniEngine.ContentPipeline\MiniEngine.ContentPipeline.csproj", "{684075B5-3E15-472F-8BE9-41FAE398F7F1}"
EndProject
Global
	GlobalSection(SolutionConfigurationPlatforms) = preSolution
		Debug|Any CPU = Debug|Any CPU
		Release|Any CPU = Release|Any CPU
	EndGlobalSection
	GlobalSection(ProjectConfigurationPlatforms) = postSolution
		{9EC1C881-76AF-42E8-8455-D7699460F215}.Debug|Any CPU.ActiveCfg = Debug|Any CPU
		{9EC1C881-76AF-42E8-8455-D7699460F215}.Debug|Any CPU.Build.0 = Debug|Any CPU
		{9EC1C881-76AF-42E8-8455-D7699460F215}.Release|Any CPU.ActiveCfg = Release|Any CPU
		{9EC1C881-76AF-42E8-8455-D7699460F215}.Release|Any CPU.Build.0 = Release|Any CPU
		{F2829C9F-6B87-4D88-8FA5-59CFBF145426}.Debug|Any CPU.ActiveCfg = Debug|Any CPU
		{F2829C9F-6B87-4D88-8FA5-59CFBF145426}.Debug|Any CPU.Build.0 = Debug|Any CPU
		{F2829C9F-6B87-4D88-8FA5-59CFBF145426}.Release|Any CPU.ActiveCfg = Release|Any CPU
		{F2829C9F-6B87-4D88-8FA5-59CFBF145426}.Release|Any CPU.Build.0 = Release|Any CPU
		{80D2251D-E386-43B0-93F0-92E536E00416}.Debug|Any CPU.ActiveCfg = Debug|Any CPU
		{80D2251D-E386-43B0-93F0-92E536E00416}.Debug|Any CPU.Build.0 = Debug|Any CPU
		{80D2251D-E386-43B0-93F0-92E536E00416}.Release|Any CPU.ActiveCfg = Release|Any CPU
		{80D2251D-E386-43B0-93F0-92E536E00416}.Release|Any CPU.Build.0 = Release|Any CPU
		{70C66765-87D2-4FC5-B431-FB9FC8179D72}.Debug|Any CPU.ActiveCfg = Debug|Any CPU
		{70C66765-87D2-4FC5-B431-FB9FC8179D72}.Debug|Any CPU.Build.0 = Debug|Any CPU
		{70C66765-87D2-4FC5-B431-FB9FC8179D72}.Release|Any CPU.ActiveCfg = Release|Any CPU
		{70C66765-87D2-4FC5-B431-FB9FC8179D72}.Release|Any CPU.Build.0 = Release|Any CPU
		{44BDB27A-2963-4BC7-BAFE-E69D9A2183B9}.Debug|Any CPU.ActiveCfg = Debug|Any CPU
		{44BDB27A-2963-4BC7-BAFE-E69D9A2183B9}.Debug|Any CPU.Build.0 = Debug|Any CPU
		{44BDB27A-2963-4BC7-BAFE-E69D9A2183B9}.Release|Any CPU.ActiveCfg = Release|Any CPU
		{44BDB27A-2963-4BC7-BAFE-E69D9A2183B9}.Release|Any CPU.Build.0 = Release|Any CPU
		{C8DA7144-50F8-4992-964E-A7CEA97BD1FA}.Debug|Any CPU.ActiveCfg = Debug|Any CPU
		{C8DA7144-50F8-4992-964E-A7CEA97BD1FA}.Debug|Any CPU.Build.0 = Debug|Any CPU
		{C8DA7144-50F8-4992-964E-A7CEA97BD1FA}.Release|Any CPU.ActiveCfg = Release|Any CPU
		{C8DA7144-50F8-4992-964E-A7CEA97BD1FA}.Release|Any CPU.Build.0 = Release|Any CPU
		{684075B5-3E15-472F-8BE9-41FAE398F7F1}.Debug|Any CPU.ActiveCfg = Debug|Any CPU
		{684075B5-3E15-472F-8BE9-41FAE398F7F1}.Debug|Any CPU.Build.0 = Debug|Any CPU
		{684075B5-3E15-472F-8BE9-41FAE398F7F1}.Release|Any CPU.ActiveCfg = Release|Any CPU
		{684075B5-3E15-472F-8BE9-41FAE398F7F1}.Release|Any CPU.Build.0 = Release|Any CPU
	EndGlobalSection
	GlobalSection(SolutionProperties) = preSolution
		HideSolutionNode = FALSE
	EndGlobalSection
	GlobalSection(NestedProjects) = preSolution
		{44BDB27A-2963-4BC7-BAFE-E69D9A2183B9} = {52B9E98A-A161-4235-8077-4AB43074090C}
	EndGlobalSection
	GlobalSection(ExtensibilityGlobals) = postSolution
		SolutionGuid = {0430E1F9-9DAA-4828-9B17-D6F66A3B908F}
	EndGlobalSection
EndGlobal
