
Microsoft Visual Studio Solution File, Format Version 12.00
# Visual Studio 15
VisualStudioVersion = 15.0.27004.2010
MinimumVisualStudioVersion = 10.0.40219.1
Project("{FAE04EC0-301F-11D3-BF4B-00C04F79EFBC}") = "UnitViewer", "UnitViewer.csproj", "{E902E491-72BE-4F25-A909-07A4602D3442}"
EndProject
Global
	GlobalSection(SolutionConfigurationPlatforms) = preSolution
		Debug|ARM = Debug|ARM
		Debug|x64 = Debug|x64
		Debug|x86 = Debug|x86
		Release|ARM = Release|ARM
		Release|x64 = Release|x64
		Release|x86 = Release|x86
	EndGlobalSection
	GlobalSection(ProjectConfigurationPlatforms) = postSolution
		{E902E491-72BE-4F25-A909-07A4602D3442}.Debug|ARM.ActiveCfg = Debug|ARM
		{E902E491-72BE-4F25-A909-07A4602D3442}.Debug|ARM.Build.0 = Debug|ARM
		{E902E491-72BE-4F25-A909-07A4602D3442}.Debug|ARM.Deploy.0 = Debug|ARM
		{E902E491-72BE-4F25-A909-07A4602D3442}.Debug|x64.ActiveCfg = Debug|x64
		{E902E491-72BE-4F25-A909-07A4602D3442}.Debug|x64.Build.0 = Debug|x64
		{E902E491-72BE-4F25-A909-07A4602D3442}.Debug|x64.Deploy.0 = Debug|x64
		{E902E491-72BE-4F25-A909-07A4602D3442}.Debug|x86.ActiveCfg = Debug|x86
		{E902E491-72BE-4F25-A909-07A4602D3442}.Debug|x86.Build.0 = Debug|x86
		{E902E491-72BE-4F25-A909-07A4602D3442}.Debug|x86.Deploy.0 = Debug|x86
		{E902E491-72BE-4F25-A909-07A4602D3442}.Release|ARM.ActiveCfg = Release|ARM
		{E902E491-72BE-4F25-A909-07A4602D3442}.Release|ARM.Build.0 = Release|ARM
		{E902E491-72BE-4F25-A909-07A4602D3442}.Release|ARM.Deploy.0 = Release|ARM
		{E902E491-72BE-4F25-A909-07A4602D3442}.Release|x64.ActiveCfg = Release|x64
		{E902E491-72BE-4F25-A909-07A4602D3442}.Release|x64.Build.0 = Release|x64
		{E902E491-72BE-4F25-A909-07A4602D3442}.Release|x64.Deploy.0 = Release|x64
		{E902E491-72BE-4F25-A909-07A4602D3442}.Release|x86.ActiveCfg = Release|x86
		{E902E491-72BE-4F25-A909-07A4602D3442}.Release|x86.Build.0 = Release|x86
		{E902E491-72BE-4F25-A909-07A4602D3442}.Release|x86.Deploy.0 = Release|x86
	EndGlobalSection
	GlobalSection(SolutionProperties) = preSolution
		HideSolutionNode = FALSE
	EndGlobalSection
	GlobalSection(ExtensibilityGlobals) = postSolution
		SolutionGuid = {60F06F0F-BACB-403D-AEE8-D09B7C65F1CA}
	EndGlobalSection
EndGlobal
