
Microsoft Visual Studio Solution File, Format Version 12.00
# Visual Studio Version 16
VisualStudioVersion = 16.0.30503.244
MinimumVisualStudioVersion = 10.0.40219.1
Project("{FAE04EC0-301F-11D3-BF4B-00C04F79EFBC}") = "LinearWorkFlow", "LinearWorkFlow\LinearWorkFlow.csproj", "{8A8C0C2D-87D3-4882-9DCD-6210AD2ED88F}"
EndProject
Global
	GlobalSection(SolutionConfigurationPlatforms) = preSolution
		Debug|Any CPU = Debug|Any CPU
		Release|Any CPU = Release|Any CPU
	EndGlobalSection
	GlobalSection(ProjectConfigurationPlatforms) = postSolution
		{8A8C0C2D-87D3-4882-9DCD-6210AD2ED88F}.Debug|Any CPU.ActiveCfg = Debug|Any CPU
		{8A8C0C2D-87D3-4882-9DCD-6210AD2ED88F}.Debug|Any CPU.Build.0 = Debug|Any CPU
		{8A8C0C2D-87D3-4882-9DCD-6210AD2ED88F}.Release|Any CPU.ActiveCfg = Release|Any CPU
		{8A8C0C2D-87D3-4882-9DCD-6210AD2ED88F}.Release|Any CPU.Build.0 = Release|Any CPU
	EndGlobalSection
	GlobalSection(SolutionProperties) = preSolution
		HideSolutionNode = FALSE
	EndGlobalSection
	GlobalSection(ExtensibilityGlobals) = postSolution
		SolutionGuid = {2E983D74-A6A5-497B-810F-172DB272449E}
	EndGlobalSection
EndGlobal
