
Microsoft Visual Studio Solution File, Format Version 12.00
# Visual Studio 15
VisualStudioVersion = 15.0.27130.2010
MinimumVisualStudioVersion = 10.0.40219.1
Project("{FAE04EC0-301F-11D3-BF4B-00C04F79EFBC}") = "MiniEngine", "..\MiniEngine\MiniEngine.csproj", "{BE5800C0-34CD-4FE1-9726-7CBB671DBB27}"
EndProject
Project("{FAE04EC0-301F-11D3-BF4B-00C04F79EFBC}") = "ModelExtension", "..\ModelExtension\ModelExtension.csproj", "{E939D1A8-2A0D-4605-8704-9F41275C2CF6}"
EndProject
Project("{2150E333-8FDC-42A3-9474-1A3956D46DE8}") = "Solution Items", "Solution Items", "{379A17E6-D82D-4280-8612-4D13FCB5AF14}"
	ProjectSection(SolutionItems) = preProject
		Worklist.md = Worklist.md
	EndProjectSection
EndProject
Project("{FAE04EC0-301F-11D3-BF4B-00C04F79EFBC}") = "MiniEngine.Pipeline", "..\MiniEngine.Pipeline\MiniEngine.Pipeline.csproj", "{820720C5-666A-4D5E-96EE-F053BAA063D9}"
EndProject
Project("{FAE04EC0-301F-11D3-BF4B-00C04F79EFBC}") = "MiniEngine.Units", "..\MiniEngine.Units\MiniEngine.Units.csproj", "{051E397D-4C6C-4F8F-8F40-CCE916A45C5E}"
EndProject
Project("{FAE04EC0-301F-11D3-BF4B-00C04F79EFBC}") = "MiniEngine.Primitives", "..\MiniEngine.Primitives\MiniEngine.Primitives.csproj", "{D02E8240-0178-4792-9C38-2455D1250FA6}"
EndProject
Project("{FAE04EC0-301F-11D3-BF4B-00C04F79EFBC}") = "MiniEngine.Pipeline.Models", "..\MiniEngine.Pipeline.Models\MiniEngine.Pipeline.Models.csproj", "{D77598B5-73BF-4CD4-B9A6-D94895058A60}"
EndProject
Project("{FAE04EC0-301F-11D3-BF4B-00C04F79EFBC}") = "MiniEngine.Effects", "..\MiniEngine.Effects\MiniEngine.Effects.csproj", "{2BB9181F-A31D-4DA2-93D2-64F5A56CF4F5}"
EndProject
Project("{FAE04EC0-301F-11D3-BF4B-00C04F79EFBC}") = "MiniEngine.Systems", "..\MiniEngine.Systems\MiniEngine.Systems.csproj", "{C1DB1986-23B4-4293-A6EA-527DA1ADC78F}"
EndProject
Project("{FAE04EC0-301F-11D3-BF4B-00C04F79EFBC}") = "MiniEngine.Pipeline.Lights", "..\MiniEngine.Pipeline.Lights\MiniEngine.Pipeline.Lights.csproj", "{54491AEB-E0A7-4556-890E-7C49908952BC}"
EndProject
Project("{FAE04EC0-301F-11D3-BF4B-00C04F79EFBC}") = "MiniEngine.Pipeline.Particles", "..\MiniEngine.Pipeline.Particles\MiniEngine.Pipeline.Particles.csproj", "{373867C7-7717-4CCC-A049-F0E174F5F5A4}"
EndProject
Project("{FAE04EC0-301F-11D3-BF4B-00C04F79EFBC}") = "MiniEngine.Pipeline.Shadows", "..\MiniEngine.Pipeline.Shadows\MiniEngine.Pipeline.Shadows.csproj", "{3C8F3FC4-9E92-475E-A9BD-AC687DC13963}"
EndProject
Project("{FAE04EC0-301F-11D3-BF4B-00C04F79EFBC}") = "MiniEngine.Telemetry", "..\MiniEngine.Telemetry\MiniEngine.Telemetry.csproj", "{FE2DE91D-CA69-4844-8D5F-10A664F4E17D}"
EndProject
Global
	GlobalSection(SolutionConfigurationPlatforms) = preSolution
		Debug|Any CPU = Debug|Any CPU
		Debug|x64 = Debug|x64
		Debug|x86 = Debug|x86
		Release|Any CPU = Release|Any CPU
		Release|x64 = Release|x64
		Release|x86 = Release|x86
	EndGlobalSection
	GlobalSection(ProjectConfigurationPlatforms) = postSolution
		{BE5800C0-34CD-4FE1-9726-7CBB671DBB27}.Debug|Any CPU.ActiveCfg = Debug|x86
		{BE5800C0-34CD-4FE1-9726-7CBB671DBB27}.Debug|x64.ActiveCfg = Debug|x64
		{BE5800C0-34CD-4FE1-9726-7CBB671DBB27}.Debug|x64.Build.0 = Debug|x64
		{BE5800C0-34CD-4FE1-9726-7CBB671DBB27}.Debug|x86.ActiveCfg = Debug|x86
		{BE5800C0-34CD-4FE1-9726-7CBB671DBB27}.Debug|x86.Build.0 = Debug|x86
		{BE5800C0-34CD-4FE1-9726-7CBB671DBB27}.Release|Any CPU.ActiveCfg = Release|x86
		{BE5800C0-34CD-4FE1-9726-7CBB671DBB27}.Release|x64.ActiveCfg = Release|x64
		{BE5800C0-34CD-4FE1-9726-7CBB671DBB27}.Release|x86.ActiveCfg = Release|x86
		{BE5800C0-34CD-4FE1-9726-7CBB671DBB27}.Release|x86.Build.0 = Release|x86
		{E939D1A8-2A0D-4605-8704-9F41275C2CF6}.Debug|Any CPU.ActiveCfg = Debug|Any CPU
		{E939D1A8-2A0D-4605-8704-9F41275C2CF6}.Debug|Any CPU.Build.0 = Debug|Any CPU
		{E939D1A8-2A0D-4605-8704-9F41275C2CF6}.Debug|x64.ActiveCfg = Debug|x64
		{E939D1A8-2A0D-4605-8704-9F41275C2CF6}.Debug|x64.Build.0 = Debug|x64
		{E939D1A8-2A0D-4605-8704-9F41275C2CF6}.Debug|x86.ActiveCfg = Debug|Any CPU
		{E939D1A8-2A0D-4605-8704-9F41275C2CF6}.Debug|x86.Build.0 = Debug|Any CPU
		{E939D1A8-2A0D-4605-8704-9F41275C2CF6}.Release|Any CPU.ActiveCfg = Release|Any CPU
		{E939D1A8-2A0D-4605-8704-9F41275C2CF6}.Release|Any CPU.Build.0 = Release|Any CPU
		{E939D1A8-2A0D-4605-8704-9F41275C2CF6}.Release|x64.ActiveCfg = Release|x64
		{E939D1A8-2A0D-4605-8704-9F41275C2CF6}.Release|x64.Build.0 = Release|x64
		{E939D1A8-2A0D-4605-8704-9F41275C2CF6}.Release|x86.ActiveCfg = Release|Any CPU
		{E939D1A8-2A0D-4605-8704-9F41275C2CF6}.Release|x86.Build.0 = Release|Any CPU
		{820720C5-666A-4D5E-96EE-F053BAA063D9}.Debug|Any CPU.ActiveCfg = Debug|Any CPU
		{820720C5-666A-4D5E-96EE-F053BAA063D9}.Debug|Any CPU.Build.0 = Debug|Any CPU
		{820720C5-666A-4D5E-96EE-F053BAA063D9}.Debug|x64.ActiveCfg = Debug|Any CPU
		{820720C5-666A-4D5E-96EE-F053BAA063D9}.Debug|x64.Build.0 = Debug|Any CPU
		{820720C5-666A-4D5E-96EE-F053BAA063D9}.Debug|x86.ActiveCfg = Debug|Any CPU
		{820720C5-666A-4D5E-96EE-F053BAA063D9}.Debug|x86.Build.0 = Debug|Any CPU
		{820720C5-666A-4D5E-96EE-F053BAA063D9}.Release|Any CPU.ActiveCfg = Release|Any CPU
		{820720C5-666A-4D5E-96EE-F053BAA063D9}.Release|Any CPU.Build.0 = Release|Any CPU
		{820720C5-666A-4D5E-96EE-F053BAA063D9}.Release|x64.ActiveCfg = Release|Any CPU
		{820720C5-666A-4D5E-96EE-F053BAA063D9}.Release|x64.Build.0 = Release|Any CPU
		{820720C5-666A-4D5E-96EE-F053BAA063D9}.Release|x86.ActiveCfg = Release|Any CPU
		{820720C5-666A-4D5E-96EE-F053BAA063D9}.Release|x86.Build.0 = Release|Any CPU
		{051E397D-4C6C-4F8F-8F40-CCE916A45C5E}.Debug|Any CPU.ActiveCfg = Debug|Any CPU
		{051E397D-4C6C-4F8F-8F40-CCE916A45C5E}.Debug|Any CPU.Build.0 = Debug|Any CPU
		{051E397D-4C6C-4F8F-8F40-CCE916A45C5E}.Debug|x64.ActiveCfg = Debug|Any CPU
		{051E397D-4C6C-4F8F-8F40-CCE916A45C5E}.Debug|x64.Build.0 = Debug|Any CPU
		{051E397D-4C6C-4F8F-8F40-CCE916A45C5E}.Debug|x86.ActiveCfg = Debug|Any CPU
		{051E397D-4C6C-4F8F-8F40-CCE916A45C5E}.Debug|x86.Build.0 = Debug|Any CPU
		{051E397D-4C6C-4F8F-8F40-CCE916A45C5E}.Release|Any CPU.ActiveCfg = Release|Any CPU
		{051E397D-4C6C-4F8F-8F40-CCE916A45C5E}.Release|Any CPU.Build.0 = Release|Any CPU
		{051E397D-4C6C-4F8F-8F40-CCE916A45C5E}.Release|x64.ActiveCfg = Release|Any CPU
		{051E397D-4C6C-4F8F-8F40-CCE916A45C5E}.Release|x64.Build.0 = Release|Any CPU
		{051E397D-4C6C-4F8F-8F40-CCE916A45C5E}.Release|x86.ActiveCfg = Release|Any CPU
		{051E397D-4C6C-4F8F-8F40-CCE916A45C5E}.Release|x86.Build.0 = Release|Any CPU
		{D02E8240-0178-4792-9C38-2455D1250FA6}.Debug|Any CPU.ActiveCfg = Debug|Any CPU
		{D02E8240-0178-4792-9C38-2455D1250FA6}.Debug|Any CPU.Build.0 = Debug|Any CPU
		{D02E8240-0178-4792-9C38-2455D1250FA6}.Debug|x64.ActiveCfg = Debug|Any CPU
		{D02E8240-0178-4792-9C38-2455D1250FA6}.Debug|x64.Build.0 = Debug|Any CPU
		{D02E8240-0178-4792-9C38-2455D1250FA6}.Debug|x86.ActiveCfg = Debug|Any CPU
		{D02E8240-0178-4792-9C38-2455D1250FA6}.Debug|x86.Build.0 = Debug|Any CPU
		{D02E8240-0178-4792-9C38-2455D1250FA6}.Release|Any CPU.ActiveCfg = Release|Any CPU
		{D02E8240-0178-4792-9C38-2455D1250FA6}.Release|Any CPU.Build.0 = Release|Any CPU
		{D02E8240-0178-4792-9C38-2455D1250FA6}.Release|x64.ActiveCfg = Release|Any CPU
		{D02E8240-0178-4792-9C38-2455D1250FA6}.Release|x64.Build.0 = Release|Any CPU
		{D02E8240-0178-4792-9C38-2455D1250FA6}.Release|x86.ActiveCfg = Release|Any CPU
		{D02E8240-0178-4792-9C38-2455D1250FA6}.Release|x86.Build.0 = Release|Any CPU
		{D77598B5-73BF-4CD4-B9A6-D94895058A60}.Debug|Any CPU.ActiveCfg = Debug|Any CPU
		{D77598B5-73BF-4CD4-B9A6-D94895058A60}.Debug|Any CPU.Build.0 = Debug|Any CPU
		{D77598B5-73BF-4CD4-B9A6-D94895058A60}.Debug|x64.ActiveCfg = Debug|Any CPU
		{D77598B5-73BF-4CD4-B9A6-D94895058A60}.Debug|x64.Build.0 = Debug|Any CPU
		{D77598B5-73BF-4CD4-B9A6-D94895058A60}.Debug|x86.ActiveCfg = Debug|Any CPU
		{D77598B5-73BF-4CD4-B9A6-D94895058A60}.Debug|x86.Build.0 = Debug|Any CPU
		{D77598B5-73BF-4CD4-B9A6-D94895058A60}.Release|Any CPU.ActiveCfg = Release|Any CPU
		{D77598B5-73BF-4CD4-B9A6-D94895058A60}.Release|Any CPU.Build.0 = Release|Any CPU
		{D77598B5-73BF-4CD4-B9A6-D94895058A60}.Release|x64.ActiveCfg = Release|Any CPU
		{D77598B5-73BF-4CD4-B9A6-D94895058A60}.Release|x64.Build.0 = Release|Any CPU
		{D77598B5-73BF-4CD4-B9A6-D94895058A60}.Release|x86.ActiveCfg = Release|Any CPU
		{D77598B5-73BF-4CD4-B9A6-D94895058A60}.Release|x86.Build.0 = Release|Any CPU
		{2BB9181F-A31D-4DA2-93D2-64F5A56CF4F5}.Debug|Any CPU.ActiveCfg = Debug|Any CPU
		{2BB9181F-A31D-4DA2-93D2-64F5A56CF4F5}.Debug|Any CPU.Build.0 = Debug|Any CPU
		{2BB9181F-A31D-4DA2-93D2-64F5A56CF4F5}.Debug|x64.ActiveCfg = Debug|Any CPU
		{2BB9181F-A31D-4DA2-93D2-64F5A56CF4F5}.Debug|x64.Build.0 = Debug|Any CPU
		{2BB9181F-A31D-4DA2-93D2-64F5A56CF4F5}.Debug|x86.ActiveCfg = Debug|Any CPU
		{2BB9181F-A31D-4DA2-93D2-64F5A56CF4F5}.Debug|x86.Build.0 = Debug|Any CPU
		{2BB9181F-A31D-4DA2-93D2-64F5A56CF4F5}.Release|Any CPU.ActiveCfg = Release|Any CPU
		{2BB9181F-A31D-4DA2-93D2-64F5A56CF4F5}.Release|Any CPU.Build.0 = Release|Any CPU
		{2BB9181F-A31D-4DA2-93D2-64F5A56CF4F5}.Release|x64.ActiveCfg = Release|Any CPU
		{2BB9181F-A31D-4DA2-93D2-64F5A56CF4F5}.Release|x64.Build.0 = Release|Any CPU
		{2BB9181F-A31D-4DA2-93D2-64F5A56CF4F5}.Release|x86.ActiveCfg = Release|Any CPU
		{2BB9181F-A31D-4DA2-93D2-64F5A56CF4F5}.Release|x86.Build.0 = Release|Any CPU
		{C1DB1986-23B4-4293-A6EA-527DA1ADC78F}.Debug|Any CPU.ActiveCfg = Debug|Any CPU
		{C1DB1986-23B4-4293-A6EA-527DA1ADC78F}.Debug|Any CPU.Build.0 = Debug|Any CPU
		{C1DB1986-23B4-4293-A6EA-527DA1ADC78F}.Debug|x64.ActiveCfg = Debug|Any CPU
		{C1DB1986-23B4-4293-A6EA-527DA1ADC78F}.Debug|x64.Build.0 = Debug|Any CPU
		{C1DB1986-23B4-4293-A6EA-527DA1ADC78F}.Debug|x86.ActiveCfg = Debug|Any CPU
		{C1DB1986-23B4-4293-A6EA-527DA1ADC78F}.Debug|x86.Build.0 = Debug|Any CPU
		{C1DB1986-23B4-4293-A6EA-527DA1ADC78F}.Release|Any CPU.ActiveCfg = Release|Any CPU
		{C1DB1986-23B4-4293-A6EA-527DA1ADC78F}.Release|Any CPU.Build.0 = Release|Any CPU
		{C1DB1986-23B4-4293-A6EA-527DA1ADC78F}.Release|x64.ActiveCfg = Release|Any CPU
		{C1DB1986-23B4-4293-A6EA-527DA1ADC78F}.Release|x64.Build.0 = Release|Any CPU
		{C1DB1986-23B4-4293-A6EA-527DA1ADC78F}.Release|x86.ActiveCfg = Release|Any CPU
		{C1DB1986-23B4-4293-A6EA-527DA1ADC78F}.Release|x86.Build.0 = Release|Any CPU
		{54491AEB-E0A7-4556-890E-7C49908952BC}.Debug|Any CPU.ActiveCfg = Debug|Any CPU
		{54491AEB-E0A7-4556-890E-7C49908952BC}.Debug|Any CPU.Build.0 = Debug|Any CPU
		{54491AEB-E0A7-4556-890E-7C49908952BC}.Debug|x64.ActiveCfg = Debug|Any CPU
		{54491AEB-E0A7-4556-890E-7C49908952BC}.Debug|x64.Build.0 = Debug|Any CPU
		{54491AEB-E0A7-4556-890E-7C49908952BC}.Debug|x86.ActiveCfg = Debug|Any CPU
		{54491AEB-E0A7-4556-890E-7C49908952BC}.Debug|x86.Build.0 = Debug|Any CPU
		{54491AEB-E0A7-4556-890E-7C49908952BC}.Release|Any CPU.ActiveCfg = Release|Any CPU
		{54491AEB-E0A7-4556-890E-7C49908952BC}.Release|Any CPU.Build.0 = Release|Any CPU
		{54491AEB-E0A7-4556-890E-7C49908952BC}.Release|x64.ActiveCfg = Release|Any CPU
		{54491AEB-E0A7-4556-890E-7C49908952BC}.Release|x64.Build.0 = Release|Any CPU
		{54491AEB-E0A7-4556-890E-7C49908952BC}.Release|x86.ActiveCfg = Release|Any CPU
		{54491AEB-E0A7-4556-890E-7C49908952BC}.Release|x86.Build.0 = Release|Any CPU
		{373867C7-7717-4CCC-A049-F0E174F5F5A4}.Debug|Any CPU.ActiveCfg = Debug|Any CPU
		{373867C7-7717-4CCC-A049-F0E174F5F5A4}.Debug|Any CPU.Build.0 = Debug|Any CPU
		{373867C7-7717-4CCC-A049-F0E174F5F5A4}.Debug|x64.ActiveCfg = Debug|Any CPU
		{373867C7-7717-4CCC-A049-F0E174F5F5A4}.Debug|x64.Build.0 = Debug|Any CPU
		{373867C7-7717-4CCC-A049-F0E174F5F5A4}.Debug|x86.ActiveCfg = Debug|Any CPU
		{373867C7-7717-4CCC-A049-F0E174F5F5A4}.Debug|x86.Build.0 = Debug|Any CPU
		{373867C7-7717-4CCC-A049-F0E174F5F5A4}.Release|Any CPU.ActiveCfg = Release|Any CPU
		{373867C7-7717-4CCC-A049-F0E174F5F5A4}.Release|Any CPU.Build.0 = Release|Any CPU
		{373867C7-7717-4CCC-A049-F0E174F5F5A4}.Release|x64.ActiveCfg = Release|Any CPU
		{373867C7-7717-4CCC-A049-F0E174F5F5A4}.Release|x64.Build.0 = Release|Any CPU
		{373867C7-7717-4CCC-A049-F0E174F5F5A4}.Release|x86.ActiveCfg = Release|Any CPU
		{373867C7-7717-4CCC-A049-F0E174F5F5A4}.Release|x86.Build.0 = Release|Any CPU
		{3C8F3FC4-9E92-475E-A9BD-AC687DC13963}.Debug|Any CPU.ActiveCfg = Debug|Any CPU
		{3C8F3FC4-9E92-475E-A9BD-AC687DC13963}.Debug|Any CPU.Build.0 = Debug|Any CPU
		{3C8F3FC4-9E92-475E-A9BD-AC687DC13963}.Debug|x64.ActiveCfg = Debug|Any CPU
		{3C8F3FC4-9E92-475E-A9BD-AC687DC13963}.Debug|x64.Build.0 = Debug|Any CPU
		{3C8F3FC4-9E92-475E-A9BD-AC687DC13963}.Debug|x86.ActiveCfg = Debug|Any CPU
		{3C8F3FC4-9E92-475E-A9BD-AC687DC13963}.Debug|x86.Build.0 = Debug|Any CPU
		{3C8F3FC4-9E92-475E-A9BD-AC687DC13963}.Release|Any CPU.ActiveCfg = Release|Any CPU
		{3C8F3FC4-9E92-475E-A9BD-AC687DC13963}.Release|Any CPU.Build.0 = Release|Any CPU
		{3C8F3FC4-9E92-475E-A9BD-AC687DC13963}.Release|x64.ActiveCfg = Release|Any CPU
		{3C8F3FC4-9E92-475E-A9BD-AC687DC13963}.Release|x64.Build.0 = Release|Any CPU
		{3C8F3FC4-9E92-475E-A9BD-AC687DC13963}.Release|x86.ActiveCfg = Release|Any CPU
		{3C8F3FC4-9E92-475E-A9BD-AC687DC13963}.Release|x86.Build.0 = Release|Any CPU
		{FE2DE91D-CA69-4844-8D5F-10A664F4E17D}.Debug|Any CPU.ActiveCfg = Debug|Any CPU
		{FE2DE91D-CA69-4844-8D5F-10A664F4E17D}.Debug|Any CPU.Build.0 = Debug|Any CPU
		{FE2DE91D-CA69-4844-8D5F-10A664F4E17D}.Debug|x64.ActiveCfg = Debug|Any CPU
		{FE2DE91D-CA69-4844-8D5F-10A664F4E17D}.Debug|x64.Build.0 = Debug|Any CPU
		{FE2DE91D-CA69-4844-8D5F-10A664F4E17D}.Debug|x86.ActiveCfg = Debug|Any CPU
		{FE2DE91D-CA69-4844-8D5F-10A664F4E17D}.Debug|x86.Build.0 = Debug|Any CPU
		{FE2DE91D-CA69-4844-8D5F-10A664F4E17D}.Release|Any CPU.ActiveCfg = Release|Any CPU
		{FE2DE91D-CA69-4844-8D5F-10A664F4E17D}.Release|Any CPU.Build.0 = Release|Any CPU
		{FE2DE91D-CA69-4844-8D5F-10A664F4E17D}.Release|x64.ActiveCfg = Release|Any CPU
		{FE2DE91D-CA69-4844-8D5F-10A664F4E17D}.Release|x64.Build.0 = Release|Any CPU
		{FE2DE91D-CA69-4844-8D5F-10A664F4E17D}.Release|x86.ActiveCfg = Release|Any CPU
		{FE2DE91D-CA69-4844-8D5F-10A664F4E17D}.Release|x86.Build.0 = Release|Any CPU
	EndGlobalSection
	GlobalSection(SolutionProperties) = preSolution
		HideSolutionNode = FALSE
	EndGlobalSection
	GlobalSection(ExtensibilityGlobals) = postSolution
		SolutionGuid = {40D8CD10-66B9-4833-8ABC-BD1B5098A7EE}
	EndGlobalSection
EndGlobal
